<?xml version="1.0" encoding="utf-8"?>
<Project ToolsVersion="4.0" xmlns="http://schemas.microsoft.com/developer/msbuild/2003">
  <ItemGroup>
    <Filter Include="Source Files">
      <UniqueIdentifier>{4FC737F1-C7A5-4376-A066-2A32D752A2FF}</UniqueIdentifier>
      <Extensions>cpp;c;cc;cxx;def;odl;idl;hpj;bat;asm;asmx</Extensions>
    </Filter>
    <Filter Include="Header Files">
      <UniqueIdentifier>{93995380-89BD-4b04-88EB-625FBE52EBFB}</UniqueIdentifier>
      <Extensions>h;hh;hpp;hxx;hm;inl;inc;xsd</Extensions>
    </Filter>
    <Filter Include="Resource Files">
      <UniqueIdentifier>{67DA6AB6-F800-4c08-8B7A-83BB121AAD01}</UniqueIdentifier>
      <Extensions>rc;ico;cur;bmp;dlg;rc2;rct;bin;rgs;gif;jpg;jpeg;jpe;resx;tiff;tif;png;wav;mfcribbon-ms</Extensions>
    </Filter>
    <Filter Include="Data">
      <UniqueIdentifier>{0851ba93-17c0-4005-a055-41a2545db74a}</UniqueIdentifier>
    </Filter>
    <Filter Include="Data\Shaders">
      <UniqueIdentifier>{b9be0ebe-536a-4ae3-b840-8214d9c848c0}</UniqueIdentifier>
    </Filter>
    <Filter Include="Header Files\zls_math">
      <UniqueIdentifier>{f6f92ca9-f784-41f2-95fc-6e3fc5222167}</UniqueIdentifier>
    </Filter>
    <Filter Include="Header Files\renderers">
      <UniqueIdentifier>{066e7fff-c901-490c-b2c2-101c529e33a8}</UniqueIdentifier>
    </Filter>
  </ItemGroup>
  <ItemGroup>
    <Text Include="ReadMe.txt" />
  </ItemGroup>
  <ItemGroup>
    <ClInclude Include="stdafx.h">
      <Filter>Header Files</Filter>
    </ClInclude>
    <ClInclude Include="targetver.h">
      <Filter>Header Files</Filter>
    </ClInclude>
    <ClInclude Include="GX.h">
      <Filter>Header Files</Filter>
    </ClInclude>
    <ClInclude Include="VR.h">
      <Filter>Header Files</Filter>
    </ClInclude>
    <ClInclude Include="ERR.h">
      <Filter>Header Files</Filter>
    </ClInclude>
    <ClInclude Include="Config.h">
      <Filter>Header Files</Filter>
    </ClInclude>
    <ClInclude Include="GL.h">
      <Filter>Header Files</Filter>
    </ClInclude>
    <ClInclude Include="GL_PROCS.h">
      <Filter>Header Files</Filter>
    </ClInclude>
    <ClInclude Include="zls_math\zls_math.h">
      <Filter>Header Files\zls_math</Filter>
    </ClInclude>
    <ClInclude Include="zls_math\zls_math_mat.h">
      <Filter>Header Files\zls_math</Filter>
    </ClInclude>
    <ClInclude Include="zls_math\zls_math_vec.h">
      <Filter>Header Files\zls_math</Filter>
    </ClInclude>
    <ClInclude Include="zls_math\zls_math_traits.h">
      <Filter>Header Files\zls_math</Filter>
    </ClInclude>
    <ClInclude Include="FS.h">
      <Filter>Header Files</Filter>
    </ClInclude>
    <ClInclude Include="zls_math\zls_math_funcs.h">
      <Filter>Header Files\zls_math</Filter>
    </ClInclude>
    <ClInclude Include="GLRenderer.h">
      <Filter>Header Files\renderers</Filter>
    </ClInclude>
    <ClInclude Include="D3D11Renderer.h">
      <Filter>Header Files\renderers</Filter>
    </ClInclude>
    <ClInclude Include="CommonRenderer.h">
      <Filter>Header Files\renderers</Filter>
    </ClInclude>
  </ItemGroup>
  <ItemGroup>
    <ClCompile Include="stdafx.cpp">
      <Filter>Source Files</Filter>
    </ClCompile>
    <ClCompile Include="GX.cpp">
      <Filter>Source Files</Filter>
    </ClCompile>
    <ClCompile Include="VR.cpp">
      <Filter>Source Files</Filter>
    </ClCompile>
    <ClCompile Include="ERR.cpp">
      <Filter>Source Files</Filter>
    </ClCompile>
    <ClCompile Include="GL.cpp">
      <Filter>Source Files</Filter>
    </ClCompile>
    <ClCompile Include="FS.cpp">
      <Filter>Source Files</Filter>
    </ClCompile>
    <ClCompile Include="VRTestApp.cpp">
      <Filter>Source Files</Filter>
    </ClCompile>
  </ItemGroup>
  <ItemGroup>
    <None Include="..\Working\Data\Shaders\simple.fs">
      <Filter>Data\Shaders</Filter>
    </None>
    <None Include="..\Working\Data\Shaders\simple.vs">
      <Filter>Data\Shaders</Filter>
    </None>
    <None Include="..\Working\Data\Shaders\quad_shader\quad.vs">
      <Filter>Data\Shaders</Filter>
    </None>
    <None Include="..\Working\Data\Shaders\quad_shader\quad_ilc.fs">
      <Filter>Data\Shaders</Filter>
    </None>
    <None Include="..\Working\Data\Shaders\quad_shader\quad_sbs.fs">
      <Filter>Data\Shaders</Filter>
    </None>
    <None Include="..\Working\Data\Shaders\quad_shader\quad_tad.fs">
      <Filter>Data\Shaders</Filter>
    </None>
    <None Include="..\Working\Data\Shaders\simple_shaded.fs">
      <Filter>Data\Shaders</Filter>
    </None>
    <None Include="..\Working\Data\Shaders\simple_shaded.vs">
      <Filter>Data\Shaders</Filter>
    </None>
    <None Include="..\Working\Data\Shaders\plane.fs">
      <Filter>Data\Shaders</Filter>
    </None>
    <None Include="..\Working\Data\Shaders\plane.vs">
      <Filter>Data\Shaders</Filter>
    </None>
  </ItemGroup>
  <ItemGroup>
    <FxCompile Include="..\Working\Data\Shaders\simple.fs.hlsl">
      <Filter>Data\Shaders</Filter>
    </FxCompile>
    <FxCompile Include="..\Working\Data\Shaders\simple.vs.hlsl">
      <Filter>Data\Shaders</Filter>
    </FxCompile>
    <FxCompile Include="..\Working\Data\Shaders\plane.fs.hlsl">
      <Filter>Data\Shaders</Filter>
    </FxCompile>
    <FxCompile Include="..\Working\Data\Shaders\plane.vs.hlsl">
      <Filter>Data\Shaders</Filter>
    </FxCompile>
  </ItemGroup>
</Project>